
Microsoft Visual Studio Solution File, Format Version 12.00
# Visual Studio Version 17
VisualStudioVersion = 17.0.31903.59
MinimumVisualStudioVersion = 10.0.40219.1
Project("{FAE04EC0-301F-11D3-BF4B-00C04F79EFBC}") = "OctoForms.Web", "OctoForms.Web\OctoForms.Web.csproj", "{76F194B0-930A-45A2-8CF7-BE8B574DF403}"
EndProject
Project("{FAE04EC0-301F-11D3-BF4B-00C04F79EFBC}") = "OctoForms.Business", "OctoForms.Business\OctoForms.Business.csproj", "{1D671F51-D8AA-4FD6-B407-61231CD8C42F}"
EndProject
Project("{FAE04EC0-301F-11D3-BF4B-00C04F79EFBC}") = "OctoForms.Data", "OctoForms.Data\OctoForms.Data.csproj", "{D570AB3E-4B3A-483B-8362-926151D7D1FA}"
EndProject
Project("{FAE04EC0-301F-11D3-BF4B-00C04F79EFBC}") = "OctoForms.Models", "OctoForms.Models\OctoForms.Models.csproj", "{17EEAB61-12F9-432D-AF73-0D5C053AAA6B}"
EndProject
Global
	GlobalSection(SolutionConfigurationPlatforms) = preSolution
		Debug|Any CPU = Debug|Any CPU
		Debug|x64 = Debug|x64
		Debug|x86 = Debug|x86
		Release|Any CPU = Release|Any CPU
		Release|x64 = Release|x64
		Release|x86 = Release|x86
	EndGlobalSection
	GlobalSection(ProjectConfigurationPlatforms) = postSolution
		{76F194B0-930A-45A2-8CF7-BE8B574DF403}.Debug|Any CPU.ActiveCfg = Debug|Any CPU
		{76F194B0-930A-45A2-8CF7-BE8B574DF403}.Debug|Any CPU.Build.0 = Debug|Any CPU
		{76F194B0-930A-45A2-8CF7-BE8B574DF403}.Debug|x64.ActiveCfg = Debug|Any CPU
		{76F194B0-930A-45A2-8CF7-BE8B574DF403}.Debug|x64.Build.0 = Debug|Any CPU
		{76F194B0-930A-45A2-8CF7-BE8B574DF403}.Debug|x86.ActiveCfg = Debug|Any CPU
		{76F194B0-930A-45A2-8CF7-BE8B574DF403}.Debug|x86.Build.0 = Debug|Any CPU
		{76F194B0-930A-45A2-8CF7-BE8B574DF403}.Release|Any CPU.ActiveCfg = Release|Any CPU
		{76F194B0-930A-45A2-8CF7-BE8B574DF403}.Release|Any CPU.Build.0 = Release|Any CPU
		{76F194B0-930A-45A2-8CF7-BE8B574DF403}.Release|x64.ActiveCfg = Release|Any CPU
		{76F194B0-930A-45A2-8CF7-BE8B574DF403}.Release|x64.Build.0 = Release|Any CPU
		{76F194B0-930A-45A2-8CF7-BE8B574DF403}.Release|x86.ActiveCfg = Release|Any CPU
		{76F194B0-930A-45A2-8CF7-BE8B574DF403}.Release|x86.Build.0 = Release|Any CPU
		{1D671F51-D8AA-4FD6-B407-61231CD8C42F}.Debug|Any CPU.ActiveCfg = Debug|Any CPU
		{1D671F51-D8AA-4FD6-B407-61231CD8C42F}.Debug|Any CPU.Build.0 = Debug|Any CPU
		{1D671F51-D8AA-4FD6-B407-61231CD8C42F}.Debug|x64.ActiveCfg = Debug|Any CPU
		{1D671F51-D8AA-4FD6-B407-61231CD8C42F}.Debug|x64.Build.0 = Debug|Any CPU
		{1D671F51-D8AA-4FD6-B407-61231CD8C42F}.Debug|x86.ActiveCfg = Debug|Any CPU
		{1D671F51-D8AA-4FD6-B407-61231CD8C42F}.Debug|x86.Build.0 = Debug|Any CPU
		{1D671F51-D8AA-4FD6-B407-61231CD8C42F}.Release|Any CPU.ActiveCfg = Release|Any CPU
		{1D671F51-D8AA-4FD6-B407-61231CD8C42F}.Release|Any CPU.Build.0 = Release|Any CPU
		{1D671F51-D8AA-4FD6-B407-61231CD8C42F}.Release|x64.ActiveCfg = Release|Any CPU
		{1D671F51-D8AA-4FD6-B407-61231CD8C42F}.Release|x64.Build.0 = Release|Any CPU
		{1D671F51-D8AA-4FD6-B407-61231CD8C42F}.Release|x86.ActiveCfg = Release|Any CPU
		{1D671F51-D8AA-4FD6-B407-61231CD8C42F}.Release|x86.Build.0 = Release|Any CPU
		{D570AB3E-4B3A-483B-8362-926151D7D1FA}.Debug|Any CPU.ActiveCfg = Debug|Any CPU
		{D570AB3E-4B3A-483B-8362-926151D7D1FA}.Debug|Any CPU.Build.0 = Debug|Any CPU
		{D570AB3E-4B3A-483B-8362-926151D7D1FA}.Debug|x64.ActiveCfg = Debug|Any CPU
		{D570AB3E-4B3A-483B-8362-926151D7D1FA}.Debug|x64.Build.0 = Debug|Any CPU
		{D570AB3E-4B3A-483B-8362-926151D7D1FA}.Debug|x86.ActiveCfg = Debug|Any CPU
		{D570AB3E-4B3A-483B-8362-926151D7D1FA}.Debug|x86.Build.0 = Debug|Any CPU
		{D570AB3E-4B3A-483B-8362-926151D7D1FA}.Release|Any CPU.ActiveCfg = Release|Any CPU
		{D570AB3E-4B3A-483B-8362-926151D7D1FA}.Release|Any CPU.Build.0 = Release|Any CPU
		{D570AB3E-4B3A-483B-8362-926151D7D1FA}.Release|x64.ActiveCfg = Release|Any CPU
		{D570AB3E-4B3A-483B-8362-926151D7D1FA}.Release|x64.Build.0 = Release|Any CPU
		{D570AB3E-4B3A-483B-8362-926151D7D1FA}.Release|x86.ActiveCfg = Release|Any CPU
		{D570AB3E-4B3A-483B-8362-926151D7D1FA}.Release|x86.Build.0 = Release|Any CPU
		{17EEAB61-12F9-432D-AF73-0D5C053AAA6B}.Debug|Any CPU.ActiveCfg = Debug|Any CPU
		{17EEAB61-12F9-432D-AF73-0D5C053AAA6B}.Debug|Any CPU.Build.0 = Debug|Any CPU
		{17EEAB61-12F9-432D-AF73-0D5C053AAA6B}.Debug|x64.ActiveCfg = Debug|Any CPU
		{17EEAB61-12F9-432D-AF73-0D5C053AAA6B}.Debug|x64.Build.0 = Debug|Any CPU
		{17EEAB61-12F9-432D-AF73-0D5C053AAA6B}.Debug|x86.ActiveCfg = Debug|Any CPU
		{17EEAB61-12F9-432D-AF73-0D5C053AAA6B}.Debug|x86.Build.0 = Debug|Any CPU
		{17EEAB61-12F9-432D-AF73-0D5C053AAA6B}.Release|Any CPU.ActiveCfg = Release|Any CPU
		{17EEAB61-12F9-432D-AF73-0D5C053AAA6B}.Release|Any CPU.Build.0 = Release|Any CPU
		{17EEAB61-12F9-432D-AF73-0D5C053AAA6B}.Release|x64.ActiveCfg = Release|Any CPU
		{17EEAB61-12F9-432D-AF73-0D5C053AAA6B}.Release|x64.Build.0 = Release|Any CPU
		{17EEAB61-12F9-432D-AF73-0D5C053AAA6B}.Release|x86.ActiveCfg = Release|Any CPU
		{17EEAB61-12F9-432D-AF73-0D5C053AAA6B}.Release|x86.Build.0 = Release|Any CPU
	EndGlobalSection
	GlobalSection(SolutionProperties) = preSolution
		HideSolutionNode = FALSE
	EndGlobalSection
EndGlobal
